Microsoft Visual Studio Solution File, Format Version 12.00
# Visual Studio Version 17
VisualStudioVersion = 17.5.2.0
MinimumVisualStudioVersion = 10.0.40219.1
Project("{2150E333-8FDC-42A3-9474-1A3956D46DE8}") = "src", "src", "{827E0CD3-B72D-47B6-A68D-7590B98EB39B}"
EndProject
Project("{2150E333-8FDC-42A3-9474-1A3956D46DE8}") = "voting-app", "voting-app", "{9296D43D-C115-6DEC-9EFB-E1B0F6F79F9C}"
EndProject
Project("{FAE04EC0-301F-11D3-BF4B-00C04F79EFBC}") = "Worker", "src\voting-app\worker\Worker.csproj", "{564A4A8B-B017-9216-347B-DE92EB9C45D5}"
EndProject
Global
	GlobalSection(SolutionConfigurationPlatforms) = preSolution
		Debug|Any CPU = Debug|Any CPU
		Release|Any CPU = Release|Any CPU
	EndGlobalSection
	GlobalSection(ProjectConfigurationPlatforms) = postSolution
		{564A4A8B-B017-9216-347B-DE92EB9C45D5}.Debug|Any CPU.ActiveCfg = Debug|Any CPU
		{564A4A8B-B017-9216-347B-DE92EB9C45D5}.Debug|Any CPU.Build.0 = Debug|Any CPU
		{564A4A8B-B017-9216-347B-DE92EB9C45D5}.Release|Any CPU.ActiveCfg = Release|Any CPU
		{564A4A8B-B017-9216-347B-DE92EB9C45D5}.Release|Any CPU.Build.0 = Release|Any CPU
	EndGlobalSection
	GlobalSection(SolutionProperties) = preSolution
		HideSolutionNode = FALSE
	EndGlobalSection
	GlobalSection(NestedProjects) = preSolution
		{9296D43D-C115-6DEC-9EFB-E1B0F6F79F9C} = {827E0CD3-B72D-47B6-A68D-7590B98EB39B}
		{564A4A8B-B017-9216-347B-DE92EB9C45D5} = {9296D43D-C115-6DEC-9EFB-E1B0F6F79F9C}
	EndGlobalSection
	GlobalSection(ExtensibilityGlobals) = postSolution
		SolutionGuid = {5F4F1C73-C158-4000-AFDB-17A4AA76686E}
	EndGlobalSection
EndGlobal
